
Microsoft Visual Studio Solution File, Format Version 12.00
# Visual Studio Version 16
VisualStudioVersion = 16.0.30717.126
MinimumVisualStudioVersion = 10.0.40219.1
Project("{8BC9CEB8-8B4A-11D0-8D11-00A0C91BC942}") = "ROUGE2", "ROUGE2.vcxproj", "{5CB606AC-702B-42A5-A596-B868F90786C1}"
EndProject
Project("{8BC9CEB8-8B4A-11D0-8D11-00A0C91BC942}") = "Sandbox", "..\Sandbox\Sandbox.vcxproj", "{973527AB-FF23-4052-80C4-932F5ABFD8FA}"
EndProject
Global
	GlobalSection(SolutionConfigurationPlatforms) = preSolution
		Debug|x64 = Debug|x64
		Release|x64 = Release|x64
	EndGlobalSection
	GlobalSection(ProjectConfigurationPlatforms) = postSolution
		{5CB606AC-702B-42A5-A596-B868F90786C1}.Debug|x64.ActiveCfg = Debug|x64
		{5CB606AC-702B-42A5-A596-B868F90786C1}.Debug|x64.Build.0 = Debug|x64
		{5CB606AC-702B-42A5-A596-B868F90786C1}.Release|x64.ActiveCfg = Release|x64
		{5CB606AC-702B-42A5-A596-B868F90786C1}.Release|x64.Build.0 = Release|x64
		{973527AB-FF23-4052-80C4-932F5ABFD8FA}.Debug|x64.ActiveCfg = Debug|x64
		{973527AB-FF23-4052-80C4-932F5ABFD8FA}.Debug|x64.Build.0 = Debug|x64
		{973527AB-FF23-4052-80C4-932F5ABFD8FA}.Release|x64.ActiveCfg = Release|x64
		{973527AB-FF23-4052-80C4-932F5ABFD8FA}.Release|x64.Build.0 = Release|x64
	EndGlobalSection
	GlobalSection(SolutionProperties) = preSolution
		HideSolutionNode = FALSE
	EndGlobalSection
	GlobalSection(ExtensibilityGlobals) = postSolution
		SolutionGuid = {66F86587-952B-44DE-AA05-4569A42FBAC4}
	EndGlobalSection
EndGlobal
